// !$*UTF8*$!
{
	archiveVersion = 1;
	classes = {
	};
	objectVersion = 56;
	objects = {

/* Begin PBXBuildFile section */
		BED24449292DE4B000FB8B56 /* AppDelegate.swift in Sources */ = {isa = PBXBuildFile; fileRef = BED24448292DE4B000FB8B56 /* AppDelegate.swift */; };
		BED2444B292DE4B000FB8B56 /* SceneDelegate.swift in Sources */ = {isa = PBXBuildFile; fileRef = BED2444A292DE4B000FB8B56 /* SceneDelegate.swift */; };
		BED2444D292DE4B000FB8B56 /* MainTabBarViewController.swift in Sources */ = {isa = PBXBuildFile; fileRef = BED2444C292DE4B000FB8B56 /* MainTabBarViewController.swift */; };
		BED24452292DE4B200FB8B56 /* Assets.xcassets in Resources */ = {isa = PBXBuildFile; fileRef = BED24451292DE4B200FB8B56 /* Assets.xcassets */; };
		BED24455292DE4B200FB8B56 /* LaunchScreen.storyboard in Resources */ = {isa = PBXBuildFile; fileRef = BED24453292DE4B200FB8B56 /* LaunchScreen.storyboard */; };
		BED2445E292DED5A00FB8B56 /* HomeViewController.swift in Sources */ = {isa = PBXBuildFile; fileRef = BED2445D292DED5A00FB8B56 /* HomeViewController.swift */; };
		BED24460292DEDAB00FB8B56 /* UpcomingViewController.swift in Sources */ = {isa = PBXBuildFile; fileRef = BED2445F292DEDAB00FB8B56 /* UpcomingViewController.swift */; };
		BED24462292DEDD800FB8B56 /* SearchViewController.swift in Sources */ = {isa = PBXBuildFile; fileRef = BED24461292DEDD800FB8B56 /* SearchViewController.swift */; };
		BED24464292DEE1000FB8B56 /* DownloadsViewController.swift in Sources */ = {isa = PBXBuildFile; fileRef = BED24463292DEE1000FB8B56 /* DownloadsViewController.swift */; };
		BED2446B292ECCAE00FB8B56 /* CollectionViewTableViewCell.swift in Sources */ = {isa = PBXBuildFile; fileRef = BED2446A292ECCAE00FB8B56 /* CollectionViewTableViewCell.swift */; };
		BED2446D292EDCD000FB8B56 /* HeroHeaderUIView.swift in Sources */ = {isa = PBXBuildFile; fileRef = BED2446C292EDCD000FB8B56 /* HeroHeaderUIView.swift */; };
		BED2446F292FC6D100FB8B56 /* APICaller.swift in Sources */ = {isa = PBXBuildFile; fileRef = BED2446E292FC6D100FB8B56 /* APICaller.swift */; };
		BED24471292FD69900FB8B56 /* Title.swift in Sources */ = {isa = PBXBuildFile; fileRef = BED24470292FD69900FB8B56 /* Title.swift */; };
		BED24473292FE76C00FB8B56 /* Extensions.swift in Sources */ = {isa = PBXBuildFile; fileRef = BED24472292FE76C00FB8B56 /* Extensions.swift */; };
		BED2447729301E2A00FB8B56 /* TitleCollectionViewCell.swift in Sources */ = {isa = PBXBuildFile; fileRef = BED2447629301E2A00FB8B56 /* TitleCollectionViewCell.swift */; };
		BED2447A29308AED00FB8B56 /* SDWebImage in Frameworks */ = {isa = PBXBuildFile; productRef = BED2447929308AED00FB8B56 /* SDWebImage */; };
		BED2447C29308AED00FB8B56 /* SDWebImageMapKit in Frameworks */ = {isa = PBXBuildFile; productRef = BED2447B29308AED00FB8B56 /* SDWebImageMapKit */; };
		BED2447E29316F9200FB8B56 /* TitleTableViewCell.swift in Sources */ = {isa = PBXBuildFile; fileRef = BED2447D29316F9200FB8B56 /* TitleTableViewCell.swift */; };
		BED2448029318AB200FB8B56 /* TitleViewModel.swift in Sources */ = {isa = PBXBuildFile; fileRef = BED2447F29318AB200FB8B56 /* TitleViewModel.swift */; };
/* End PBXBuildFile section */

/* Begin PBXFileReference section */
		BED24445292DE4B000FB8B56 /* Netflix Clone.app */ = {isa = PBXFileReference; explicitFileType = wrapper.application; includeInIndex = 0; path = "Netflix Clone.app"; sourceTree = BUILT_PRODUCTS_DIR; };
		BED24448292DE4B000FB8B56 /* AppDelegate.swift */ = {isa = PBXFileReference; lastKnownFileType = sourcecode.swift; path = AppDelegate.swift; sourceTree = "<group>"; };
		BED2444A292DE4B000FB8B56 /* SceneDelegate.swift */ = {isa = PBXFileReference; lastKnownFileType = sourcecode.swift; path = SceneDelegate.swift; sourceTree = "<group>"; };
		BED2444C292DE4B000FB8B56 /* MainTabBarViewController.swift */ = {isa = PBXFileReference; lastKnownFileType = sourcecode.swift; path = MainTabBarViewController.swift; sourceTree = "<group>"; };
		BED24451292DE4B200FB8B56 /* Assets.xcassets */ = {isa = PBXFileReference; lastKnownFileType = folder.assetcatalog; path = Assets.xcassets; sourceTree = "<group>"; };
		BED24454292DE4B200FB8B56 /* Base */ = {isa = PBXFileReference; lastKnownFileType = file.storyboard; name = Base; path = Base.lproj/LaunchScreen.storyboard; sourceTree = "<group>"; };
		BED24456292DE4B200FB8B56 /* Info.plist */ = {isa = PBXFileReference; lastKnownFileType = text.plist.xml; path = Info.plist; sourceTree = "<group>"; };
		BED2445D292DED5A00FB8B56 /* HomeViewController.swift */ = {isa = PBXFileReference; lastKnownFileType = sourcecode.swift; path = HomeViewController.swift; sourceTree = "<group>"; };
		BED2445F292DEDAB00FB8B56 /* UpcomingViewController.swift */ = {isa = PBXFileReference; lastKnownFileType = sourcecode.swift; path = UpcomingViewController.swift; sourceTree = "<group>"; };
		BED24461292DEDD800FB8B56 /* SearchViewController.swift */ = {isa = PBXFileReference; lastKnownFileType = sourcecode.swift; path = SearchViewController.swift; sourceTree = "<group>"; };
		BED24463292DEE1000FB8B56 /* DownloadsViewController.swift */ = {isa = PBXFileReference; lastKnownFileType = sourcecode.swift; path = DownloadsViewController.swift; sourceTree = "<group>"; };
		BED2446A292ECCAE00FB8B56 /* CollectionViewTableViewCell.swift */ = {isa = PBXFileReference; lastKnownFileType = sourcecode.swift; path = CollectionViewTableViewCell.swift; sourceTree = "<group>"; };
		BED2446C292EDCD000FB8B56 /* HeroHeaderUIView.swift */ = {isa = PBXFileReference; lastKnownFileType = sourcecode.swift; path = HeroHeaderUIView.swift; sourceTree = "<group>"; };
		BED2446E292FC6D100FB8B56 /* APICaller.swift */ = {isa = PBXFileReference; lastKnownFileType = sourcecode.swift; path = APICaller.swift; sourceTree = "<group>"; };
		BED24470292FD69900FB8B56 /* Title.swift */ = {isa = PBXFileReference; lastKnownFileType = sourcecode.swift; path = Title.swift; sourceTree = "<group>"; };
		BED24472292FE76C00FB8B56 /* Extensions.swift */ = {isa = PBXFileReference; lastKnownFileType = sourcecode.swift; path = Extensions.swift; sourceTree = "<group>"; };
		BED2447629301E2A00FB8B56 /* TitleCollectionViewCell.swift */ = {isa = PBXFileReference; lastKnownFileType = sourcecode.swift; path = TitleCollectionViewCell.swift; sourceTree = "<group>"; };
		BED2447D29316F9200FB8B56 /* TitleTableViewCell.swift */ = {isa = PBXFileReference; lastKnownFileType = sourcecode.swift; path = TitleTableViewCell.swift; sourceTree = "<group>"; };
		BED2447F29318AB200FB8B56 /* TitleViewModel.swift */ = {isa = PBXFileReference; lastKnownFileType = sourcecode.swift; path = TitleViewModel.swift; sourceTree = "<group>"; };
/* End PBXFileReference section */

/* Begin PBXFrameworksBuildPhase section */
		BED24442292DE4B000FB8B56 /* Frameworks */ = {
			isa = PBXFrameworksBuildPhase;
			buildActionMask = 2147483647;
			files = (
				BED2447C29308AED00FB8B56 /* SDWebImageMapKit in Frameworks */,
				BED2447A29308AED00FB8B56 /* SDWebImage in Frameworks */,
			);
			runOnlyForDeploymentPostprocessing = 0;
		};
/* End PBXFrameworksBuildPhase section */

/* Begin PBXGroup section */
		BED2443C292DE4B000FB8B56 = {
			isa = PBXGroup;
			children = (
				BED24447292DE4B000FB8B56 /* Netflix Clone */,
				BED24446292DE4B000FB8B56 /* Products */,
			);
			sourceTree = "<group>";
		};
		BED24446292DE4B000FB8B56 /* Products */ = {
			isa = PBXGroup;
			children = (
				BED24445292DE4B000FB8B56 /* Netflix Clone.app */,
			);
			name = Products;
			sourceTree = "<group>";
		};
		BED24447292DE4B000FB8B56 /* Netflix Clone */ = {
			isa = PBXGroup;
			children = (
				BED24469292ECC5700FB8B56 /* Managers */,
				BED24468292ECC4A00FB8B56 /* Resources */,
				BED24467292ECB6500FB8B56 /* Models */,
				BED24465292ECB4500FB8B56 /* Views */,
				BED24466292ECB5100FB8B56 /* ViewModels */,
				BED2445C292DECF400FB8B56 /* Controllers */,
				BED24448292DE4B000FB8B56 /* AppDelegate.swift */,
				BED2444A292DE4B000FB8B56 /* SceneDelegate.swift */,
				BED2444C292DE4B000FB8B56 /* MainTabBarViewController.swift */,
				BED24451292DE4B200FB8B56 /* Assets.xcassets */,
				BED24453292DE4B200FB8B56 /* LaunchScreen.storyboard */,
				BED24456292DE4B200FB8B56 /* Info.plist */,
			);
			path = "Netflix Clone";
			sourceTree = "<group>";
		};
		BED2445C292DECF400FB8B56 /* Controllers */ = {
			isa = PBXGroup;
			children = (
				BED2445D292DED5A00FB8B56 /* HomeViewController.swift */,
				BED2445F292DEDAB00FB8B56 /* UpcomingViewController.swift */,
				BED24461292DEDD800FB8B56 /* SearchViewController.swift */,
				BED24463292DEE1000FB8B56 /* DownloadsViewController.swift */,
			);
			path = Controllers;
			sourceTree = "<group>";
		};
		BED24465292ECB4500FB8B56 /* Views */ = {
			isa = PBXGroup;
			children = (
				BED2446A292ECCAE00FB8B56 /* CollectionViewTableViewCell.swift */,
				BED2446C292EDCD000FB8B56 /* HeroHeaderUIView.swift */,
				BED2447629301E2A00FB8B56 /* TitleCollectionViewCell.swift */,
				BED2447D29316F9200FB8B56 /* TitleTableViewCell.swift */,
			);
			path = Views;
			sourceTree = "<group>";
		};
		BED24466292ECB5100FB8B56 /* ViewModels */ = {
			isa = PBXGroup;
			children = (
				BED2447F29318AB200FB8B56 /* TitleViewModel.swift */,
			);
			path = ViewModels;
			sourceTree = "<group>";
		};
		BED24467292ECB6500FB8B56 /* Models */ = {
			isa = PBXGroup;
			children = (
				BED24470292FD69900FB8B56 /* Title.swift */,
			);
			path = Models;
			sourceTree = "<group>";
		};
		BED24468292ECC4A00FB8B56 /* Resources */ = {
			isa = PBXGroup;
			children = (
				BED24472292FE76C00FB8B56 /* Extensions.swift */,
			);
			path = Resources;
			sourceTree = "<group>";
		};
		BED24469292ECC5700FB8B56 /* Managers */ = {
			isa = PBXGroup;
			children = (
				BED2446E292FC6D100FB8B56 /* APICaller.swift */,
			);
			path = Managers;
			sourceTree = "<group>";
		};
/* End PBXGroup section */

/* Begin PBXNativeTarget section */
		BED24444292DE4B000FB8B56 /* Netflix Clone */ = {
			isa = PBXNativeTarget;
			buildConfigurationList = BED24459292DE4B200FB8B56 /* Build configuration list for PBXNativeTarget "Netflix Clone" */;
			buildPhases = (
				BED24441292DE4B000FB8B56 /* Sources */,
				BED24442292DE4B000FB8B56 /* Frameworks */,
				BED24443292DE4B000FB8B56 /* Resources */,
			);
			buildRules = (
			);
			dependencies = (
			);
			name = "Netflix Clone";
			packageProductDependencies = (
				BED2447929308AED00FB8B56 /* SDWebImage */,
				BED2447B29308AED00FB8B56 /* SDWebImageMapKit */,
			);
			productName = "Netflix Clone";
			productReference = BED24445292DE4B000FB8B56 /* Netflix Clone.app */;
			productType = "com.apple.product-type.application";
		};
/* End PBXNativeTarget section */

/* Begin PBXProject section */
		BED2443D292DE4B000FB8B56 /* Project object */ = {
			isa = PBXProject;
			attributes = {
				BuildIndependentTargetsInParallel = 1;
				LastSwiftUpdateCheck = 1410;
				LastUpgradeCheck = 1410;
				TargetAttributes = {
					BED24444292DE4B000FB8B56 = {
						CreatedOnToolsVersion = 14.1;
					};
				};
			};
			buildConfigurationList = BED24440292DE4B000FB8B56 /* Build configuration list for PBXProject "Netflix Clone" */;
			compatibilityVersion = "Xcode 14.0";
			developmentRegion = en;
			hasScannedForEncodings = 0;
			knownRegions = (
				en,
				Base,
			);
			mainGroup = BED2443C292DE4B000FB8B56;
			packageReferences = (
				BED2447829308AED00FB8B56 /* XCRemoteSwiftPackageReference "SDWebImage" */,
			);
			productRefGroup = BED24446292DE4B000FB8B56 /* Products */;
			projectDirPath = "";
			projectRoot = "";
			targets = (
				BED24444292DE4B000FB8B56 /* Netflix Clone */,
			);
		};
/* End PBXProject section */

/* Begin PBXResourcesBuildPhase section */
		BED24443292DE4B000FB8B56 /* Resources */ = {
			isa = PBXResourcesBuildPhase;
			buildActionMask = 2147483647;
			files = (
				BED24455292DE4B200FB8B56 /* LaunchScreen.storyboard in Resources */,
				BED24452292DE4B200FB8B56 /* Assets.xcassets in Resources */,
			);
			runOnlyForDeploymentPostprocessing = 0;
		};
/* End PBXResourcesBuildPhase section */

/* Begin PBXSourcesBuildPhase section */
		BED24441292DE4B000FB8B56 /* Sources */ = {
			isa = PBXSourcesBuildPhase;
			buildActionMask = 2147483647;
			files = (
				BED2447E29316F9200FB8B56 /* TitleTableViewCell.swift in Sources */,
				BED24462292DEDD800FB8B56 /* SearchViewController.swift in Sources */,
				BED2447729301E2A00FB8B56 /* TitleCollectionViewCell.swift in Sources */,
				BED2444D292DE4B000FB8B56 /* MainTabBarViewController.swift in Sources */,
				BED2446B292ECCAE00FB8B56 /* CollectionViewTableViewCell.swift in Sources */,
				BED2446F292FC6D100FB8B56 /* APICaller.swift in Sources */,
				BED2446D292EDCD000FB8B56 /* HeroHeaderUIView.swift in Sources */,
				BED24464292DEE1000FB8B56 /* DownloadsViewController.swift in Sources */,
				BED24449292DE4B000FB8B56 /* AppDelegate.swift in Sources */,
				BED24473292FE76C00FB8B56 /* Extensions.swift in Sources */,
				BED2444B292DE4B000FB8B56 /* SceneDelegate.swift in Sources */,
				BED24460292DEDAB00FB8B56 /* UpcomingViewController.swift in Sources */,
				BED24471292FD69900FB8B56 /* Title.swift in Sources */,
				BED2445E292DED5A00FB8B56 /* HomeViewController.swift in Sources */,
				BED2448029318AB200FB8B56 /* TitleViewModel.swift in Sources */,
			);
			runOnlyForDeploymentPostprocessing = 0;
		};
/* End PBXSourcesBuildPhase section */

/* Begin PBXVariantGroup section */
		BED24453292DE4B200FB8B56 /* LaunchScreen.storyboard */ = {
			isa = PBXVariantGroup;
			children = (
				BED24454292DE4B200FB8B56 /* Base */,
			);
			name = LaunchScreen.storyboard;
			sourceTree = "<group>";
		};
/* End PBXVariantGroup section */

/* Begin XCBuildConfiguration section */
		BED24457292DE4B200FB8B56 /* Debug */ = {
			isa = XCBuildConfiguration;
			buildSettings = {
				ALWAYS_SEARCH_USER_PATHS = NO;
				CLANG_ANALYZER_NONNULL = YES;
				CLANG_ANALYZER_NUMBER_OBJECT_CONVERSION = YES_AGGRESSIVE;
				CLANG_CXX_LANGUAGE_STANDARD = "gnu++20";
				CLANG_ENABLE_MODULES = YES;
				CLANG_ENABLE_OBJC_ARC = YES;
				CLANG_ENABLE_OBJC_WEAK = YES;
				CLANG_WARN_BLOCK_CAPTURE_AUTORELEASING = YES;
				CLANG_WARN_BOOL_CONVERSION = YES;
				CLANG_WARN_COMMA = YES;
				CLANG_WARN_CONSTANT_CONVERSION = YES;
				CLANG_WARN_DEPRECATED_OBJC_IMPLEMENTATIONS = YES;
				CLANG_WARN_DIRECT_OBJC_ISA_USAGE = YES_ERROR;
				CLANG_WARN_DOCUMENTATION_COMMENTS = YES;
				CLANG_WARN_EMPTY_BODY = YES;
				CLANG_WARN_ENUM_CONVERSION = YES;
				CLANG_WARN_INFINITE_RECURSION = YES;
				CLANG_WARN_INT_CONVERSION = YES;
				CLANG_WARN_NON_LITERAL_NULL_CONVERSION = YES;
				CLANG_WARN_OBJC_IMPLICIT_RETAIN_SELF = YES;
				CLANG_WARN_OBJC_LITERAL_CONVERSION = YES;
				CLANG_WARN_OBJC_ROOT_CLASS = YES_ERROR;
				CLANG_WARN_QUOTED_INCLUDE_IN_FRAMEWORK_HEADER = YES;
				CLANG_WARN_RANGE_LOOP_ANALYSIS = YES;
				CLANG_WARN_STRICT_PROTOTYPES = YES;
				CLANG_WARN_SUSPICIOUS_MOVE = YES;
				CLANG_WARN_UNGUARDED_AVAILABILITY = YES_AGGRESSIVE;
				CLANG_WARN_UNREACHABLE_CODE = YES;
				CLANG_WARN__DUPLICATE_METHOD_MATCH = YES;
				COPY_PHASE_STRIP = NO;
				DEBUG_INFORMATION_FORMAT = dwarf;
				ENABLE_STRICT_OBJC_MSGSEND = YES;
				ENABLE_TESTABILITY = YES;
				GCC_C_LANGUAGE_STANDARD = gnu11;
				GCC_DYNAMIC_NO_PIC = NO;
				GCC_NO_COMMON_BLOCKS = YES;
				GCC_OPTIMIZATION_LEVEL = 0;
				GCC_PREPROCESSOR_DEFINITIONS = (
					"DEBUG=1",
					"$(inherited)",
				);
				GCC_WARN_64_TO_32_BIT_CONVERSION = YES;
				GCC_WARN_ABOUT_RETURN_TYPE = YES_ERROR;
				GCC_WARN_UNDECLARED_SELECTOR = YES;
				GCC_WARN_UNINITIALIZED_AUTOS = YES_AGGRESSIVE;
				GCC_WARN_UNUSED_FUNCTION = YES;
				GCC_WARN_UNUSED_VARIABLE = YES;
				IPHONEOS_DEPLOYMENT_TARGET = 16.1;
				MTL_ENABLE_DEBUG_INFO = INCLUDE_SOURCE;
				MTL_FAST_MATH = YES;
				ONLY_ACTIVE_ARCH = YES;
				SDKROOT = iphoneos;
				SWIFT_ACTIVE_COMPILATION_CONDITIONS = DEBUG;
				SWIFT_OPTIMIZATION_LEVEL = "-Onone";
			};
			name = Debug;
		};
		BED24458292DE4B200FB8B56 /* Release */ = {
			isa = XCBuildConfiguration;
			buildSettings = {
				ALWAYS_SEARCH_USER_PATHS = NO;
				CLANG_ANALYZER_NONNULL = YES;
				CLANG_ANALYZER_NUMBER_OBJECT_CONVERSION = YES_AGGRESSIVE;
				CLANG_CXX_LANGUAGE_STANDARD = "gnu++20";
				CLANG_ENABLE_MODULES = YES;
				CLANG_ENABLE_OBJC_ARC = YES;
				CLANG_ENABLE_OBJC_WEAK = YES;
				CLANG_WARN_BLOCK_CAPTURE_AUTORELEASING = YES;
				CLANG_WARN_BOOL_CONVERSION = YES;
				CLANG_WARN_COMMA = YES;
				CLANG_WARN_CONSTANT_CONVERSION = YES;
				CLANG_WARN_DEPRECATED_OBJC_IMPLEMENTATIONS = YES;
				CLANG_WARN_DIRECT_OBJC_ISA_USAGE = YES_ERROR;
				CLANG_WARN_DOCUMENTATION_COMMENTS = YES;
				CLANG_WARN_EMPTY_BODY = YES;
				CLANG_WARN_ENUM_CONVERSION = YES;
				CLANG_WARN_INFINITE_RECURSION = YES;
				CLANG_WARN_INT_CONVERSION = YES;
				CLANG_WARN_NON_LITERAL_NULL_CONVERSION = YES;
				CLANG_WARN_OBJC_IMPLICIT_RETAIN_SELF = YES;
				CLANG_WARN_OBJC_LITERAL_CONVERSION = YES;
				CLANG_WARN_OBJC_ROOT_CLASS = YES_ERROR;
				CLANG_WARN_QUOTED_INCLUDE_IN_FRAMEWORK_HEADER = YES;
				CLANG_WARN_RANGE_LOOP_ANALYSIS = YES;
				CLANG_WARN_STRICT_PROTOTYPES = YES;
				CLANG_WARN_SUSPICIOUS_MOVE = YES;
				CLANG_WARN_UNGUARDED_AVAILABILITY = YES_AGGRESSIVE;
				CLANG_WARN_UNREACHABLE_CODE = YES;
				CLANG_WARN__DUPLICATE_METHOD_MATCH = YES;
				COPY_PHASE_STRIP = NO;
				DEBUG_INFORMATION_FORMAT = "dwarf-with-dsym";
				ENABLE_NS_ASSERTIONS = NO;
				ENABLE_STRICT_OBJC_MSGSEND = YES;
				GCC_C_LANGUAGE_STANDARD = gnu11;
				GCC_NO_COMMON_BLOCKS = YES;
				GCC_WARN_64_TO_32_BIT_CONVERSION = YES;
				GCC_WARN_ABOUT_RETURN_TYPE = YES_ERROR;
				GCC_WARN_UNDECLARED_SELECTOR = YES;
				GCC_WARN_UNINITIALIZED_AUTOS = YES_AGGRESSIVE;
				GCC_WARN_UNUSED_FUNCTION = YES;
				GCC_WARN_UNUSED_VARIABLE = YES;
				IPHONEOS_DEPLOYMENT_TARGET = 16.1;
				MTL_ENABLE_DEBUG_INFO = NO;
				MTL_FAST_MATH = YES;
				SDKROOT = iphoneos;
				SWIFT_COMPILATION_MODE = wholemodule;
				SWIFT_OPTIMIZATION_LEVEL = "-O";
				VALIDATE_PRODUCT = YES;
			};
			name = Release;
		};
		BED2445A292DE4B200FB8B56 /* Debug */ = {
			isa = XCBuildConfiguration;
			buildSettings = {
				ASSETCATALOG_COMPILER_APPICON_NAME = AppIcon;
				ASSETCATALOG_COMPILER_GLOBAL_ACCENT_COLOR_NAME = AccentColor;
				CODE_SIGN_STYLE = Automatic;
				CURRENT_PROJECT_VERSION = 1;
				DEVELOPMENT_TEAM = 324Y82FCZ3;
				GENERATE_INFOPLIST_FILE = YES;
				INFOPLIST_FILE = "Netflix Clone/Info.plist";
				INFOPLIST_KEY_UIApplicationSupportsIndirectInputEvents = YES;
				INFOPLIST_KEY_UILaunchStoryboardName = LaunchScreen;
				INFOPLIST_KEY_UISupportedInterfaceOrientations_iPad = "UIInterfaceOrientationPortrait UIInterfaceOrientationPortraitUpsideDown UIInterfaceOrientationLandscapeLeft UIInterfaceOrientationLandscapeRight";
				INFOPLIST_KEY_UISupportedInterfaceOrientations_iPhone = "UIInterfaceOrientationPortrait UIInterfaceOrientationLandscapeLeft UIInterfaceOrientationLandscapeRight";
				LD_RUNPATH_SEARCH_PATHS = (
					"$(inherited)",
					"@executable_path/Frameworks",
				);
				MARKETING_VERSION = 1.0;
				PRODUCT_BUNDLE_IDENTIFIER = "com.josegarcia.Netflix-Clone";
				PRODUCT_NAME = "$(TARGET_NAME)";
				SWIFT_EMIT_LOC_STRINGS = YES;
				SWIFT_VERSION = 5.0;
				TARGETED_DEVICE_FAMILY = "1,2";
			};
			name = Debug;
		};
		BED2445B292DE4B200FB8B56 /* Release */ = {
			isa = XCBuildConfiguration;
			buildSettings = {
				ASSETCATALOG_COMPILER_APPICON_NAME = AppIcon;
				ASSETCATALOG_COMPILER_GLOBAL_ACCENT_COLOR_NAME = AccentColor;
				CODE_SIGN_STYLE = Automatic;
				CURRENT_PROJECT_VERSION = 1;
				DEVELOPMENT_TEAM = 324Y82FCZ3;
				GENERATE_INFOPLIST_FILE = YES;
				INFOPLIST_FILE = "Netflix Clone/Info.plist";
				INFOPLIST_KEY_UIApplicationSupportsIndirectInputEvents = YES;
				INFOPLIST_KEY_UILaunchStoryboardName = LaunchScreen;
				INFOPLIST_KEY_UISupportedInterfaceOrientations_iPad = "UIInterfaceOrientationPortrait UIInterfaceOrientationPortraitUpsideDown UIInterfaceOrientationLandscapeLeft UIInterfaceOrientationLandscapeRight";
				INFOPLIST_KEY_UISupportedInterfaceOrientations_iPhone = "UIInterfaceOrientationPortrait UIInterfaceOrientationLandscapeLeft UIInterfaceOrientationLandscapeRight";
				LD_RUNPATH_SEARCH_PATHS = (
					"$(inherited)",
					"@executable_path/Frameworks",
				);
				MARKETING_VERSION = 1.0;
				PRODUCT_BUNDLE_IDENTIFIER = "com.josegarcia.Netflix-Clone";
				PRODUCT_NAME = "$(TARGET_NAME)";
				SWIFT_EMIT_LOC_STRINGS = YES;
				SWIFT_VERSION = 5.0;
				TARGETED_DEVICE_FAMILY = "1,2";
			};
			name = Release;
		};
/* End XCBuildConfiguration section */

/* Begin XCConfigurationList section */
		BED24440292DE4B000FB8B56 /* Build configuration list for PBXProject "Netflix Clone" */ = {
			isa = XCConfigurationList;
			buildConfigurations = (
				BED24457292DE4B200FB8B56 /* Debug */,
				BED24458292DE4B200FB8B56 /* Release */,
			);
			defaultConfigurationIsVisible = 0;
			defaultConfigurationName = Release;
		};
		BED24459292DE4B200FB8B56 /* Build configuration list for PBXNativeTarget "Netflix Clone" */ = {
			isa = XCConfigurationList;
			buildConfigurations = (
				BED2445A292DE4B200FB8B56 /* Debug */,
				BED2445B292DE4B200FB8B56 /* Release */,
			);
			defaultConfigurationIsVisible = 0;
			defaultConfigurationName = Release;
		};
/* End XCConfigurationList section */

/* Begin XCRemoteSwiftPackageReference section */
		BED2447829308AED00FB8B56 /* XCRemoteSwiftPackageReference "SDWebImage" */ = {
			isa = XCRemoteSwiftPackageReference;
			repositoryURL = "https://github.com/SDWebImage/SDWebImage.git";
			requirement = {
				branch = master;
				kind = branch;
			};
		};
/* End XCRemoteSwiftPackageReference section */

/* Begin XCSwiftPackageProductDependency section */
		BED2447929308AED00FB8B56 /* SDWebImage */ = {
			isa = XCSwiftPackageProductDependency;
			package = BED2447829308AED00FB8B56 /* XCRemoteSwiftPackageReference "SDWebImage" */;
			productName = SDWebImage;
		};
		BED2447B29308AED00FB8B56 /* SDWebImageMapKit */ = {
			isa = XCSwiftPackageProductDependency;
			package = BED2447829308AED00FB8B56 /* XCRemoteSwiftPackageReference "SDWebImage" */;
			productName = SDWebImageMapKit;
		};
/* End XCSwiftPackageProductDependency section */
	};
	rootObject = BED2443D292DE4B000FB8B56 /* Project object */;
}
